
Microsoft Visual Studio Solution File, Format Version 12.00
# Visual Studio Version 16
VisualStudioVersion = 16.0.30413.136
MinimumVisualStudioVersion = 10.0.40219.1
Project("{9A19103F-16F7-4668-BE54-9A1E7A4F7556}") = "C1_WriteLine", "C1_WriteLine\C1_WriteLine.csproj", "{C1525C9B-2FAB-4895-A901-2B89D872CB21}"
EndProject
Project("{FAE04EC0-301F-11D3-BF4B-00C04F79EFBC}") = "C2_ReadLine", "C2_ReadLine\C2_ReadLine.csproj", "{939277F4-5C8F-451C-8104-897078A9B3A9}"
EndProject
Project("{FAE04EC0-301F-11D3-BF4B-00C04F79EFBC}") = "C3_WithAClass", "C3_WithAClass\C3_WithAClass.csproj", "{5DDE6ADE-D493-4A22-9CFA-4A5405D52C00}"
EndProject
Project("{FAE04EC0-301F-11D3-BF4B-00C04F79EFBC}") = "C4_WithMethods", "C4_WithMethods\C4_WithMethods.csproj", "{660E78BC-BCF6-4A88-9AF5-B4A95CEF0FC8}"
EndProject
Global
	GlobalSection(SolutionConfigurationPlatforms) = preSolution
		Debug|Any CPU = Debug|Any CPU
		Release|Any CPU = Release|Any CPU
	EndGlobalSection
	GlobalSection(ProjectConfigurationPlatforms) = postSolution
		{C1525C9B-2FAB-4895-A901-2B89D872CB21}.Debug|Any CPU.ActiveCfg = Debug|Any CPU
		{C1525C9B-2FAB-4895-A901-2B89D872CB21}.Debug|Any CPU.Build.0 = Debug|Any CPU
		{C1525C9B-2FAB-4895-A901-2B89D872CB21}.Release|Any CPU.ActiveCfg = Release|Any CPU
		{C1525C9B-2FAB-4895-A901-2B89D872CB21}.Release|Any CPU.Build.0 = Release|Any CPU
		{939277F4-5C8F-451C-8104-897078A9B3A9}.Debug|Any CPU.ActiveCfg = Debug|Any CPU
		{939277F4-5C8F-451C-8104-897078A9B3A9}.Debug|Any CPU.Build.0 = Debug|Any CPU
		{939277F4-5C8F-451C-8104-897078A9B3A9}.Release|Any CPU.ActiveCfg = Release|Any CPU
		{939277F4-5C8F-451C-8104-897078A9B3A9}.Release|Any CPU.Build.0 = Release|Any CPU
		{5DDE6ADE-D493-4A22-9CFA-4A5405D52C00}.Debug|Any CPU.ActiveCfg = Debug|Any CPU
		{5DDE6ADE-D493-4A22-9CFA-4A5405D52C00}.Debug|Any CPU.Build.0 = Debug|Any CPU
		{5DDE6ADE-D493-4A22-9CFA-4A5405D52C00}.Release|Any CPU.ActiveCfg = Release|Any CPU
		{5DDE6ADE-D493-4A22-9CFA-4A5405D52C00}.Release|Any CPU.Build.0 = Release|Any CPU
		{660E78BC-BCF6-4A88-9AF5-B4A95CEF0FC8}.Debug|Any CPU.ActiveCfg = Debug|Any CPU
		{660E78BC-BCF6-4A88-9AF5-B4A95CEF0FC8}.Debug|Any CPU.Build.0 = Debug|Any CPU
		{660E78BC-BCF6-4A88-9AF5-B4A95CEF0FC8}.Release|Any CPU.ActiveCfg = Release|Any CPU
		{660E78BC-BCF6-4A88-9AF5-B4A95CEF0FC8}.Release|Any CPU.Build.0 = Release|Any CPU
	EndGlobalSection
	GlobalSection(SolutionProperties) = preSolution
		HideSolutionNode = FALSE
	EndGlobalSection
	GlobalSection(ExtensibilityGlobals) = postSolution
		SolutionGuid = {3EC92994-D40F-460D-8EFA-23E844454570}
	EndGlobalSection
EndGlobal
