
Microsoft Visual Studio Solution File, Format Version 12.00
# Visual Studio Version 16
VisualStudioVersion = 16.0.30413.136
MinimumVisualStudioVersion = 10.0.40219.1
Project("{FAE04EC0-301F-11D3-BF4B-00C04F79EFBC}") = "C1_WriteLine", "C1_WriteLine\C1_WriteLine.csproj", "{C1525C9B-2FAB-4895-A901-2B89D872CB21}"
EndProject
Global
	GlobalSection(SolutionConfigurationPlatforms) = preSolution
		Debug|Any CPU = Debug|Any CPU
		Release|Any CPU = Release|Any CPU
	EndGlobalSection
	GlobalSection(ProjectConfigurationPlatforms) = postSolution
		{C1525C9B-2FAB-4895-A901-2B89D872CB21}.Debug|Any CPU.ActiveCfg = Debug|Any CPU
		{C1525C9B-2FAB-4895-A901-2B89D872CB21}.Debug|Any CPU.Build.0 = Debug|Any CPU
		{C1525C9B-2FAB-4895-A901-2B89D872CB21}.Release|Any CPU.ActiveCfg = Release|Any CPU
		{C1525C9B-2FAB-4895-A901-2B89D872CB21}.Release|Any CPU.Build.0 = Release|Any CPU
	EndGlobalSection
	GlobalSection(SolutionProperties) = preSolution
		HideSolutionNode = FALSE
	EndGlobalSection
	GlobalSection(ExtensibilityGlobals) = postSolution
		SolutionGuid = {3EC92994-D40F-460D-8EFA-23E844454570}
	EndGlobalSection
EndGlobal
