
Microsoft Visual Studio Solution File, Format Version 12.00
# Visual Studio Version 16
VisualStudioVersion = 16.0.30413.136
MinimumVisualStudioVersion = 10.0.40219.1
Project("{9A19103F-16F7-4668-BE54-9A1E7A4F7556}") = "C1_WriteLine", "C1_WriteLine\C1_WriteLine.csproj", "{C1525C9B-2FAB-4895-A901-2B89D872CB21}"
EndProject
Project("{9A19103F-16F7-4668-BE54-9A1E7A4F7556}") = "C2_ReadLine", "C2_ReadLine\C2_ReadLine.csproj", "{939277F4-5C8F-451C-8104-897078A9B3A9}"
EndProject
Project("{9A19103F-16F7-4668-BE54-9A1E7A4F7556}") = "C3_WithAClass", "C3_WithAClass\C3_WithAClass.csproj", "{5DDE6ADE-D493-4A22-9CFA-4A5405D52C00}"
EndProject
Project("{9A19103F-16F7-4668-BE54-9A1E7A4F7556}") = "C4_WithMethods", "C4_WithMethods\C4_WithMethods.csproj", "{660E78BC-BCF6-4A88-9AF5-B4A95CEF0FC8}"
EndProject
Project("{9A19103F-16F7-4668-BE54-9A1E7A4F7556}") = "C5_WithAgeCalculation", "C5_WithAgeCalculation\C5_WithAgeCalculation.csproj", "{90F95557-D4CC-4EF6-B866-8EA323D756C3}"
EndProject
Project("{9A19103F-16F7-4668-BE54-9A1E7A4F7556}") = "C6_GettersAndSetters", "C6_GettersAndSetters\C6_GettersAndSetters.csproj", "{3BEE747D-2E29-4E2F-A2EB-D59C3AAECD1F}"
EndProject
Project("{9A19103F-16F7-4668-BE54-9A1E7A4F7556}") = "C7_GettersAndSettersV2", "C7_GettersAndSettersV2\C7_GettersAndSettersV2.csproj", "{AD956A98-9B6B-4DE7-9D41-6BB97C030B3B}"
EndProject
Project("{9A19103F-16F7-4668-BE54-9A1E7A4F7556}") = "C8_Arrays", "C8_Arrays\C8_Arrays.csproj", "{3A1DA281-A537-48DA-8AB2-960830FECF80}"
EndProject
Project("{9A19103F-16F7-4668-BE54-9A1E7A4F7556}") = "C9_Lists", "C9_Lists\C9_Lists.csproj", "{1025CCE1-5A45-4C81-B12F-0B29B616AF7B}"
EndProject
Project("{9A19103F-16F7-4668-BE54-9A1E7A4F7556}") = "C10_Struct", "C10_Struct\C10_Struct.csproj", "{4E681304-AD95-4E18-AE92-0F1E1B5F7DDC}"
EndProject
Project("{9A19103F-16F7-4668-BE54-9A1E7A4F7556}") = "C11_Enum", "C11_Enum\C11_Enum.csproj", "{4A23E9EF-8FB4-4C81-A723-FA282A69B7DD}"
EndProject
Project("{9A19103F-16F7-4668-BE54-9A1E7A4F7556}") = "C12_Interfaces_1", "C12_Interfaces_1\C12_Interfaces_1.csproj", "{D74DD8D1-41D6-4905-AAAB-525CE1F781E9}"
EndProject
Project("{9A19103F-16F7-4668-BE54-9A1E7A4F7556}") = "C13_Interfaces_2", "C13_Interfaces_2\C13_Interfaces_2.csproj", "{6F0C22E3-BA5B-429E-A7DE-5DBDE57E239E}"
EndProject
Project("{9A19103F-16F7-4668-BE54-9A1E7A4F7556}") = "C14_Abstract_1", "C14_Abstract_1\C14_Abstract_1.csproj", "{6D164752-E3A0-4091-BE79-7E93DC841040}"
EndProject
Project("{9A19103F-16F7-4668-BE54-9A1E7A4F7556}") = "C15_Abstract_2", "C15_Abstract_2\C15_Abstract_2.csproj", "{C99EE338-55FE-4A25-8CCE-D5FA498E23E8}"
EndProject
Project("{9A19103F-16F7-4668-BE54-9A1E7A4F7556}") = "C16_WorkerService", "C16_WorkerService\C16_WorkerService.csproj", "{D443EEF9-E5C1-47F4-B06F-3163F08A50C8}"
EndProject
Project("{FAE04EC0-301F-11D3-BF4B-00C04F79EFBC}") = "UWP1_AsyncAwait", "UWP1_AsyncAwait\UWP1_AsyncAwait.csproj", "{88AC95BC-06DB-4A20-942C-83623F73D300}"
EndProject
Project("{FAE04EC0-301F-11D3-BF4B-00C04F79EFBC}") = "WINFORM1_ContactList", "WINFORM1_ContactList\WINFORM1_ContactList.csproj", "{54C08710-E156-485A-93A9-9676E95018A0}"
EndProject
Global
	GlobalSection(SolutionConfigurationPlatforms) = preSolution
		Debug|Any CPU = Debug|Any CPU
		Debug|ARM = Debug|ARM
		Debug|ARM64 = Debug|ARM64
		Debug|x64 = Debug|x64
		Debug|x86 = Debug|x86
		Release|Any CPU = Release|Any CPU
		Release|ARM = Release|ARM
		Release|ARM64 = Release|ARM64
		Release|x64 = Release|x64
		Release|x86 = Release|x86
	EndGlobalSection
	GlobalSection(ProjectConfigurationPlatforms) = postSolution
		{C1525C9B-2FAB-4895-A901-2B89D872CB21}.Debug|Any CPU.ActiveCfg = Debug|Any CPU
		{C1525C9B-2FAB-4895-A901-2B89D872CB21}.Debug|Any CPU.Build.0 = Debug|Any CPU
		{C1525C9B-2FAB-4895-A901-2B89D872CB21}.Debug|ARM.ActiveCfg = Debug|Any CPU
		{C1525C9B-2FAB-4895-A901-2B89D872CB21}.Debug|ARM.Build.0 = Debug|Any CPU
		{C1525C9B-2FAB-4895-A901-2B89D872CB21}.Debug|ARM64.ActiveCfg = Debug|Any CPU
		{C1525C9B-2FAB-4895-A901-2B89D872CB21}.Debug|ARM64.Build.0 = Debug|Any CPU
		{C1525C9B-2FAB-4895-A901-2B89D872CB21}.Debug|x64.ActiveCfg = Debug|Any CPU
		{C1525C9B-2FAB-4895-A901-2B89D872CB21}.Debug|x64.Build.0 = Debug|Any CPU
		{C1525C9B-2FAB-4895-A901-2B89D872CB21}.Debug|x86.ActiveCfg = Debug|Any CPU
		{C1525C9B-2FAB-4895-A901-2B89D872CB21}.Debug|x86.Build.0 = Debug|Any CPU
		{C1525C9B-2FAB-4895-A901-2B89D872CB21}.Release|Any CPU.ActiveCfg = Release|Any CPU
		{C1525C9B-2FAB-4895-A901-2B89D872CB21}.Release|Any CPU.Build.0 = Release|Any CPU
		{C1525C9B-2FAB-4895-A901-2B89D872CB21}.Release|ARM.ActiveCfg = Release|Any CPU
		{C1525C9B-2FAB-4895-A901-2B89D872CB21}.Release|ARM.Build.0 = Release|Any CPU
		{C1525C9B-2FAB-4895-A901-2B89D872CB21}.Release|ARM64.ActiveCfg = Release|Any CPU
		{C1525C9B-2FAB-4895-A901-2B89D872CB21}.Release|ARM64.Build.0 = Release|Any CPU
		{C1525C9B-2FAB-4895-A901-2B89D872CB21}.Release|x64.ActiveCfg = Release|Any CPU
		{C1525C9B-2FAB-4895-A901-2B89D872CB21}.Release|x64.Build.0 = Release|Any CPU
		{C1525C9B-2FAB-4895-A901-2B89D872CB21}.Release|x86.ActiveCfg = Release|Any CPU
		{C1525C9B-2FAB-4895-A901-2B89D872CB21}.Release|x86.Build.0 = Release|Any CPU
		{939277F4-5C8F-451C-8104-897078A9B3A9}.Debug|Any CPU.ActiveCfg = Debug|Any CPU
		{939277F4-5C8F-451C-8104-897078A9B3A9}.Debug|Any CPU.Build.0 = Debug|Any CPU
		{939277F4-5C8F-451C-8104-897078A9B3A9}.Debug|ARM.ActiveCfg = Debug|Any CPU
		{939277F4-5C8F-451C-8104-897078A9B3A9}.Debug|ARM.Build.0 = Debug|Any CPU
		{939277F4-5C8F-451C-8104-897078A9B3A9}.Debug|ARM64.ActiveCfg = Debug|Any CPU
		{939277F4-5C8F-451C-8104-897078A9B3A9}.Debug|ARM64.Build.0 = Debug|Any CPU
		{939277F4-5C8F-451C-8104-897078A9B3A9}.Debug|x64.ActiveCfg = Debug|Any CPU
		{939277F4-5C8F-451C-8104-897078A9B3A9}.Debug|x64.Build.0 = Debug|Any CPU
		{939277F4-5C8F-451C-8104-897078A9B3A9}.Debug|x86.ActiveCfg = Debug|Any CPU
		{939277F4-5C8F-451C-8104-897078A9B3A9}.Debug|x86.Build.0 = Debug|Any CPU
		{939277F4-5C8F-451C-8104-897078A9B3A9}.Release|Any CPU.ActiveCfg = Release|Any CPU
		{939277F4-5C8F-451C-8104-897078A9B3A9}.Release|Any CPU.Build.0 = Release|Any CPU
		{939277F4-5C8F-451C-8104-897078A9B3A9}.Release|ARM.ActiveCfg = Release|Any CPU
		{939277F4-5C8F-451C-8104-897078A9B3A9}.Release|ARM.Build.0 = Release|Any CPU
		{939277F4-5C8F-451C-8104-897078A9B3A9}.Release|ARM64.ActiveCfg = Release|Any CPU
		{939277F4-5C8F-451C-8104-897078A9B3A9}.Release|ARM64.Build.0 = Release|Any CPU
		{939277F4-5C8F-451C-8104-897078A9B3A9}.Release|x64.ActiveCfg = Release|Any CPU
		{939277F4-5C8F-451C-8104-897078A9B3A9}.Release|x64.Build.0 = Release|Any CPU
		{939277F4-5C8F-451C-8104-897078A9B3A9}.Release|x86.ActiveCfg = Release|Any CPU
		{939277F4-5C8F-451C-8104-897078A9B3A9}.Release|x86.Build.0 = Release|Any CPU
		{5DDE6ADE-D493-4A22-9CFA-4A5405D52C00}.Debug|Any CPU.ActiveCfg = Debug|Any CPU
		{5DDE6ADE-D493-4A22-9CFA-4A5405D52C00}.Debug|Any CPU.Build.0 = Debug|Any CPU
		{5DDE6ADE-D493-4A22-9CFA-4A5405D52C00}.Debug|ARM.ActiveCfg = Debug|Any CPU
		{5DDE6ADE-D493-4A22-9CFA-4A5405D52C00}.Debug|ARM.Build.0 = Debug|Any CPU
		{5DDE6ADE-D493-4A22-9CFA-4A5405D52C00}.Debug|ARM64.ActiveCfg = Debug|Any CPU
		{5DDE6ADE-D493-4A22-9CFA-4A5405D52C00}.Debug|ARM64.Build.0 = Debug|Any CPU
		{5DDE6ADE-D493-4A22-9CFA-4A5405D52C00}.Debug|x64.ActiveCfg = Debug|Any CPU
		{5DDE6ADE-D493-4A22-9CFA-4A5405D52C00}.Debug|x64.Build.0 = Debug|Any CPU
		{5DDE6ADE-D493-4A22-9CFA-4A5405D52C00}.Debug|x86.ActiveCfg = Debug|Any CPU
		{5DDE6ADE-D493-4A22-9CFA-4A5405D52C00}.Debug|x86.Build.0 = Debug|Any CPU
		{5DDE6ADE-D493-4A22-9CFA-4A5405D52C00}.Release|Any CPU.ActiveCfg = Release|Any CPU
		{5DDE6ADE-D493-4A22-9CFA-4A5405D52C00}.Release|Any CPU.Build.0 = Release|Any CPU
		{5DDE6ADE-D493-4A22-9CFA-4A5405D52C00}.Release|ARM.ActiveCfg = Release|Any CPU
		{5DDE6ADE-D493-4A22-9CFA-4A5405D52C00}.Release|ARM.Build.0 = Release|Any CPU
		{5DDE6ADE-D493-4A22-9CFA-4A5405D52C00}.Release|ARM64.ActiveCfg = Release|Any CPU
		{5DDE6ADE-D493-4A22-9CFA-4A5405D52C00}.Release|ARM64.Build.0 = Release|Any CPU
		{5DDE6ADE-D493-4A22-9CFA-4A5405D52C00}.Release|x64.ActiveCfg = Release|Any CPU
		{5DDE6ADE-D493-4A22-9CFA-4A5405D52C00}.Release|x64.Build.0 = Release|Any CPU
		{5DDE6ADE-D493-4A22-9CFA-4A5405D52C00}.Release|x86.ActiveCfg = Release|Any CPU
		{5DDE6ADE-D493-4A22-9CFA-4A5405D52C00}.Release|x86.Build.0 = Release|Any CPU
		{660E78BC-BCF6-4A88-9AF5-B4A95CEF0FC8}.Debug|Any CPU.ActiveCfg = Debug|Any CPU
		{660E78BC-BCF6-4A88-9AF5-B4A95CEF0FC8}.Debug|Any CPU.Build.0 = Debug|Any CPU
		{660E78BC-BCF6-4A88-9AF5-B4A95CEF0FC8}.Debug|ARM.ActiveCfg = Debug|Any CPU
		{660E78BC-BCF6-4A88-9AF5-B4A95CEF0FC8}.Debug|ARM.Build.0 = Debug|Any CPU
		{660E78BC-BCF6-4A88-9AF5-B4A95CEF0FC8}.Debug|ARM64.ActiveCfg = Debug|Any CPU
		{660E78BC-BCF6-4A88-9AF5-B4A95CEF0FC8}.Debug|ARM64.Build.0 = Debug|Any CPU
		{660E78BC-BCF6-4A88-9AF5-B4A95CEF0FC8}.Debug|x64.ActiveCfg = Debug|Any CPU
		{660E78BC-BCF6-4A88-9AF5-B4A95CEF0FC8}.Debug|x64.Build.0 = Debug|Any CPU
		{660E78BC-BCF6-4A88-9AF5-B4A95CEF0FC8}.Debug|x86.ActiveCfg = Debug|Any CPU
		{660E78BC-BCF6-4A88-9AF5-B4A95CEF0FC8}.Debug|x86.Build.0 = Debug|Any CPU
		{660E78BC-BCF6-4A88-9AF5-B4A95CEF0FC8}.Release|Any CPU.ActiveCfg = Release|Any CPU
		{660E78BC-BCF6-4A88-9AF5-B4A95CEF0FC8}.Release|Any CPU.Build.0 = Release|Any CPU
		{660E78BC-BCF6-4A88-9AF5-B4A95CEF0FC8}.Release|ARM.ActiveCfg = Release|Any CPU
		{660E78BC-BCF6-4A88-9AF5-B4A95CEF0FC8}.Release|ARM.Build.0 = Release|Any CPU
		{660E78BC-BCF6-4A88-9AF5-B4A95CEF0FC8}.Release|ARM64.ActiveCfg = Release|Any CPU
		{660E78BC-BCF6-4A88-9AF5-B4A95CEF0FC8}.Release|ARM64.Build.0 = Release|Any CPU
		{660E78BC-BCF6-4A88-9AF5-B4A95CEF0FC8}.Release|x64.ActiveCfg = Release|Any CPU
		{660E78BC-BCF6-4A88-9AF5-B4A95CEF0FC8}.Release|x64.Build.0 = Release|Any CPU
		{660E78BC-BCF6-4A88-9AF5-B4A95CEF0FC8}.Release|x86.ActiveCfg = Release|Any CPU
		{660E78BC-BCF6-4A88-9AF5-B4A95CEF0FC8}.Release|x86.Build.0 = Release|Any CPU
		{90F95557-D4CC-4EF6-B866-8EA323D756C3}.Debug|Any CPU.ActiveCfg = Debug|Any CPU
		{90F95557-D4CC-4EF6-B866-8EA323D756C3}.Debug|Any CPU.Build.0 = Debug|Any CPU
		{90F95557-D4CC-4EF6-B866-8EA323D756C3}.Debug|ARM.ActiveCfg = Debug|Any CPU
		{90F95557-D4CC-4EF6-B866-8EA323D756C3}.Debug|ARM.Build.0 = Debug|Any CPU
		{90F95557-D4CC-4EF6-B866-8EA323D756C3}.Debug|ARM64.ActiveCfg = Debug|Any CPU
		{90F95557-D4CC-4EF6-B866-8EA323D756C3}.Debug|ARM64.Build.0 = Debug|Any CPU
		{90F95557-D4CC-4EF6-B866-8EA323D756C3}.Debug|x64.ActiveCfg = Debug|Any CPU
		{90F95557-D4CC-4EF6-B866-8EA323D756C3}.Debug|x64.Build.0 = Debug|Any CPU
		{90F95557-D4CC-4EF6-B866-8EA323D756C3}.Debug|x86.ActiveCfg = Debug|Any CPU
		{90F95557-D4CC-4EF6-B866-8EA323D756C3}.Debug|x86.Build.0 = Debug|Any CPU
		{90F95557-D4CC-4EF6-B866-8EA323D756C3}.Release|Any CPU.ActiveCfg = Release|Any CPU
		{90F95557-D4CC-4EF6-B866-8EA323D756C3}.Release|Any CPU.Build.0 = Release|Any CPU
		{90F95557-D4CC-4EF6-B866-8EA323D756C3}.Release|ARM.ActiveCfg = Release|Any CPU
		{90F95557-D4CC-4EF6-B866-8EA323D756C3}.Release|ARM.Build.0 = Release|Any CPU
		{90F95557-D4CC-4EF6-B866-8EA323D756C3}.Release|ARM64.ActiveCfg = Release|Any CPU
		{90F95557-D4CC-4EF6-B866-8EA323D756C3}.Release|ARM64.Build.0 = Release|Any CPU
		{90F95557-D4CC-4EF6-B866-8EA323D756C3}.Release|x64.ActiveCfg = Release|Any CPU
		{90F95557-D4CC-4EF6-B866-8EA323D756C3}.Release|x64.Build.0 = Release|Any CPU
		{90F95557-D4CC-4EF6-B866-8EA323D756C3}.Release|x86.ActiveCfg = Release|Any CPU
		{90F95557-D4CC-4EF6-B866-8EA323D756C3}.Release|x86.Build.0 = Release|Any CPU
		{3BEE747D-2E29-4E2F-A2EB-D59C3AAECD1F}.Debug|Any CPU.ActiveCfg = Debug|Any CPU
		{3BEE747D-2E29-4E2F-A2EB-D59C3AAECD1F}.Debug|Any CPU.Build.0 = Debug|Any CPU
		{3BEE747D-2E29-4E2F-A2EB-D59C3AAECD1F}.Debug|ARM.ActiveCfg = Debug|Any CPU
		{3BEE747D-2E29-4E2F-A2EB-D59C3AAECD1F}.Debug|ARM.Build.0 = Debug|Any CPU
		{3BEE747D-2E29-4E2F-A2EB-D59C3AAECD1F}.Debug|ARM64.ActiveCfg = Debug|Any CPU
		{3BEE747D-2E29-4E2F-A2EB-D59C3AAECD1F}.Debug|ARM64.Build.0 = Debug|Any CPU
		{3BEE747D-2E29-4E2F-A2EB-D59C3AAECD1F}.Debug|x64.ActiveCfg = Debug|Any CPU
		{3BEE747D-2E29-4E2F-A2EB-D59C3AAECD1F}.Debug|x64.Build.0 = Debug|Any CPU
		{3BEE747D-2E29-4E2F-A2EB-D59C3AAECD1F}.Debug|x86.ActiveCfg = Debug|Any CPU
		{3BEE747D-2E29-4E2F-A2EB-D59C3AAECD1F}.Debug|x86.Build.0 = Debug|Any CPU
		{3BEE747D-2E29-4E2F-A2EB-D59C3AAECD1F}.Release|Any CPU.ActiveCfg = Release|Any CPU
		{3BEE747D-2E29-4E2F-A2EB-D59C3AAECD1F}.Release|Any CPU.Build.0 = Release|Any CPU
		{3BEE747D-2E29-4E2F-A2EB-D59C3AAECD1F}.Release|ARM.ActiveCfg = Release|Any CPU
		{3BEE747D-2E29-4E2F-A2EB-D59C3AAECD1F}.Release|ARM.Build.0 = Release|Any CPU
		{3BEE747D-2E29-4E2F-A2EB-D59C3AAECD1F}.Release|ARM64.ActiveCfg = Release|Any CPU
		{3BEE747D-2E29-4E2F-A2EB-D59C3AAECD1F}.Release|ARM64.Build.0 = Release|Any CPU
		{3BEE747D-2E29-4E2F-A2EB-D59C3AAECD1F}.Release|x64.ActiveCfg = Release|Any CPU
		{3BEE747D-2E29-4E2F-A2EB-D59C3AAECD1F}.Release|x64.Build.0 = Release|Any CPU
		{3BEE747D-2E29-4E2F-A2EB-D59C3AAECD1F}.Release|x86.ActiveCfg = Release|Any CPU
		{3BEE747D-2E29-4E2F-A2EB-D59C3AAECD1F}.Release|x86.Build.0 = Release|Any CPU
		{AD956A98-9B6B-4DE7-9D41-6BB97C030B3B}.Debug|Any CPU.ActiveCfg = Debug|Any CPU
		{AD956A98-9B6B-4DE7-9D41-6BB97C030B3B}.Debug|Any CPU.Build.0 = Debug|Any CPU
		{AD956A98-9B6B-4DE7-9D41-6BB97C030B3B}.Debug|ARM.ActiveCfg = Debug|Any CPU
		{AD956A98-9B6B-4DE7-9D41-6BB97C030B3B}.Debug|ARM.Build.0 = Debug|Any CPU
		{AD956A98-9B6B-4DE7-9D41-6BB97C030B3B}.Debug|ARM64.ActiveCfg = Debug|Any CPU
		{AD956A98-9B6B-4DE7-9D41-6BB97C030B3B}.Debug|ARM64.Build.0 = Debug|Any CPU
		{AD956A98-9B6B-4DE7-9D41-6BB97C030B3B}.Debug|x64.ActiveCfg = Debug|Any CPU
		{AD956A98-9B6B-4DE7-9D41-6BB97C030B3B}.Debug|x64.Build.0 = Debug|Any CPU
		{AD956A98-9B6B-4DE7-9D41-6BB97C030B3B}.Debug|x86.ActiveCfg = Debug|Any CPU
		{AD956A98-9B6B-4DE7-9D41-6BB97C030B3B}.Debug|x86.Build.0 = Debug|Any CPU
		{AD956A98-9B6B-4DE7-9D41-6BB97C030B3B}.Release|Any CPU.ActiveCfg = Release|Any CPU
		{AD956A98-9B6B-4DE7-9D41-6BB97C030B3B}.Release|Any CPU.Build.0 = Release|Any CPU
		{AD956A98-9B6B-4DE7-9D41-6BB97C030B3B}.Release|ARM.ActiveCfg = Release|Any CPU
		{AD956A98-9B6B-4DE7-9D41-6BB97C030B3B}.Release|ARM.Build.0 = Release|Any CPU
		{AD956A98-9B6B-4DE7-9D41-6BB97C030B3B}.Release|ARM64.ActiveCfg = Release|Any CPU
		{AD956A98-9B6B-4DE7-9D41-6BB97C030B3B}.Release|ARM64.Build.0 = Release|Any CPU
		{AD956A98-9B6B-4DE7-9D41-6BB97C030B3B}.Release|x64.ActiveCfg = Release|Any CPU
		{AD956A98-9B6B-4DE7-9D41-6BB97C030B3B}.Release|x64.Build.0 = Release|Any CPU
		{AD956A98-9B6B-4DE7-9D41-6BB97C030B3B}.Release|x86.ActiveCfg = Release|Any CPU
		{AD956A98-9B6B-4DE7-9D41-6BB97C030B3B}.Release|x86.Build.0 = Release|Any CPU
		{3A1DA281-A537-48DA-8AB2-960830FECF80}.Debug|Any CPU.ActiveCfg = Debug|Any CPU
		{3A1DA281-A537-48DA-8AB2-960830FECF80}.Debug|Any CPU.Build.0 = Debug|Any CPU
		{3A1DA281-A537-48DA-8AB2-960830FECF80}.Debug|ARM.ActiveCfg = Debug|Any CPU
		{3A1DA281-A537-48DA-8AB2-960830FECF80}.Debug|ARM.Build.0 = Debug|Any CPU
		{3A1DA281-A537-48DA-8AB2-960830FECF80}.Debug|ARM64.ActiveCfg = Debug|Any CPU
		{3A1DA281-A537-48DA-8AB2-960830FECF80}.Debug|ARM64.Build.0 = Debug|Any CPU
		{3A1DA281-A537-48DA-8AB2-960830FECF80}.Debug|x64.ActiveCfg = Debug|Any CPU
		{3A1DA281-A537-48DA-8AB2-960830FECF80}.Debug|x64.Build.0 = Debug|Any CPU
		{3A1DA281-A537-48DA-8AB2-960830FECF80}.Debug|x86.ActiveCfg = Debug|Any CPU
		{3A1DA281-A537-48DA-8AB2-960830FECF80}.Debug|x86.Build.0 = Debug|Any CPU
		{3A1DA281-A537-48DA-8AB2-960830FECF80}.Release|Any CPU.ActiveCfg = Release|Any CPU
		{3A1DA281-A537-48DA-8AB2-960830FECF80}.Release|Any CPU.Build.0 = Release|Any CPU
		{3A1DA281-A537-48DA-8AB2-960830FECF80}.Release|ARM.ActiveCfg = Release|Any CPU
		{3A1DA281-A537-48DA-8AB2-960830FECF80}.Release|ARM.Build.0 = Release|Any CPU
		{3A1DA281-A537-48DA-8AB2-960830FECF80}.Release|ARM64.ActiveCfg = Release|Any CPU
		{3A1DA281-A537-48DA-8AB2-960830FECF80}.Release|ARM64.Build.0 = Release|Any CPU
		{3A1DA281-A537-48DA-8AB2-960830FECF80}.Release|x64.ActiveCfg = Release|Any CPU
		{3A1DA281-A537-48DA-8AB2-960830FECF80}.Release|x64.Build.0 = Release|Any CPU
		{3A1DA281-A537-48DA-8AB2-960830FECF80}.Release|x86.ActiveCfg = Release|Any CPU
		{3A1DA281-A537-48DA-8AB2-960830FECF80}.Release|x86.Build.0 = Release|Any CPU
		{1025CCE1-5A45-4C81-B12F-0B29B616AF7B}.Debug|Any CPU.ActiveCfg = Debug|Any CPU
		{1025CCE1-5A45-4C81-B12F-0B29B616AF7B}.Debug|Any CPU.Build.0 = Debug|Any CPU
		{1025CCE1-5A45-4C81-B12F-0B29B616AF7B}.Debug|ARM.ActiveCfg = Debug|Any CPU
		{1025CCE1-5A45-4C81-B12F-0B29B616AF7B}.Debug|ARM.Build.0 = Debug|Any CPU
		{1025CCE1-5A45-4C81-B12F-0B29B616AF7B}.Debug|ARM64.ActiveCfg = Debug|Any CPU
		{1025CCE1-5A45-4C81-B12F-0B29B616AF7B}.Debug|ARM64.Build.0 = Debug|Any CPU
		{1025CCE1-5A45-4C81-B12F-0B29B616AF7B}.Debug|x64.ActiveCfg = Debug|Any CPU
		{1025CCE1-5A45-4C81-B12F-0B29B616AF7B}.Debug|x64.Build.0 = Debug|Any CPU
		{1025CCE1-5A45-4C81-B12F-0B29B616AF7B}.Debug|x86.ActiveCfg = Debug|Any CPU
		{1025CCE1-5A45-4C81-B12F-0B29B616AF7B}.Debug|x86.Build.0 = Debug|Any CPU
		{1025CCE1-5A45-4C81-B12F-0B29B616AF7B}.Release|Any CPU.ActiveCfg = Release|Any CPU
		{1025CCE1-5A45-4C81-B12F-0B29B616AF7B}.Release|Any CPU.Build.0 = Release|Any CPU
		{1025CCE1-5A45-4C81-B12F-0B29B616AF7B}.Release|ARM.ActiveCfg = Release|Any CPU
		{1025CCE1-5A45-4C81-B12F-0B29B616AF7B}.Release|ARM.Build.0 = Release|Any CPU
		{1025CCE1-5A45-4C81-B12F-0B29B616AF7B}.Release|ARM64.ActiveCfg = Release|Any CPU
		{1025CCE1-5A45-4C81-B12F-0B29B616AF7B}.Release|ARM64.Build.0 = Release|Any CPU
		{1025CCE1-5A45-4C81-B12F-0B29B616AF7B}.Release|x64.ActiveCfg = Release|Any CPU
		{1025CCE1-5A45-4C81-B12F-0B29B616AF7B}.Release|x64.Build.0 = Release|Any CPU
		{1025CCE1-5A45-4C81-B12F-0B29B616AF7B}.Release|x86.ActiveCfg = Release|Any CPU
		{1025CCE1-5A45-4C81-B12F-0B29B616AF7B}.Release|x86.Build.0 = Release|Any CPU
		{4E681304-AD95-4E18-AE92-0F1E1B5F7DDC}.Debug|Any CPU.ActiveCfg = Debug|Any CPU
		{4E681304-AD95-4E18-AE92-0F1E1B5F7DDC}.Debug|Any CPU.Build.0 = Debug|Any CPU
		{4E681304-AD95-4E18-AE92-0F1E1B5F7DDC}.Debug|ARM.ActiveCfg = Debug|Any CPU
		{4E681304-AD95-4E18-AE92-0F1E1B5F7DDC}.Debug|ARM.Build.0 = Debug|Any CPU
		{4E681304-AD95-4E18-AE92-0F1E1B5F7DDC}.Debug|ARM64.ActiveCfg = Debug|Any CPU
		{4E681304-AD95-4E18-AE92-0F1E1B5F7DDC}.Debug|ARM64.Build.0 = Debug|Any CPU
		{4E681304-AD95-4E18-AE92-0F1E1B5F7DDC}.Debug|x64.ActiveCfg = Debug|Any CPU
		{4E681304-AD95-4E18-AE92-0F1E1B5F7DDC}.Debug|x64.Build.0 = Debug|Any CPU
		{4E681304-AD95-4E18-AE92-0F1E1B5F7DDC}.Debug|x86.ActiveCfg = Debug|Any CPU
		{4E681304-AD95-4E18-AE92-0F1E1B5F7DDC}.Debug|x86.Build.0 = Debug|Any CPU
		{4E681304-AD95-4E18-AE92-0F1E1B5F7DDC}.Release|Any CPU.ActiveCfg = Release|Any CPU
		{4E681304-AD95-4E18-AE92-0F1E1B5F7DDC}.Release|Any CPU.Build.0 = Release|Any CPU
		{4E681304-AD95-4E18-AE92-0F1E1B5F7DDC}.Release|ARM.ActiveCfg = Release|Any CPU
		{4E681304-AD95-4E18-AE92-0F1E1B5F7DDC}.Release|ARM.Build.0 = Release|Any CPU
		{4E681304-AD95-4E18-AE92-0F1E1B5F7DDC}.Release|ARM64.ActiveCfg = Release|Any CPU
		{4E681304-AD95-4E18-AE92-0F1E1B5F7DDC}.Release|ARM64.Build.0 = Release|Any CPU
		{4E681304-AD95-4E18-AE92-0F1E1B5F7DDC}.Release|x64.ActiveCfg = Release|Any CPU
		{4E681304-AD95-4E18-AE92-0F1E1B5F7DDC}.Release|x64.Build.0 = Release|Any CPU
		{4E681304-AD95-4E18-AE92-0F1E1B5F7DDC}.Release|x86.ActiveCfg = Release|Any CPU
		{4E681304-AD95-4E18-AE92-0F1E1B5F7DDC}.Release|x86.Build.0 = Release|Any CPU
		{4A23E9EF-8FB4-4C81-A723-FA282A69B7DD}.Debug|Any CPU.ActiveCfg = Debug|Any CPU
		{4A23E9EF-8FB4-4C81-A723-FA282A69B7DD}.Debug|Any CPU.Build.0 = Debug|Any CPU
		{4A23E9EF-8FB4-4C81-A723-FA282A69B7DD}.Debug|ARM.ActiveCfg = Debug|Any CPU
		{4A23E9EF-8FB4-4C81-A723-FA282A69B7DD}.Debug|ARM.Build.0 = Debug|Any CPU
		{4A23E9EF-8FB4-4C81-A723-FA282A69B7DD}.Debug|ARM64.ActiveCfg = Debug|Any CPU
		{4A23E9EF-8FB4-4C81-A723-FA282A69B7DD}.Debug|ARM64.Build.0 = Debug|Any CPU
		{4A23E9EF-8FB4-4C81-A723-FA282A69B7DD}.Debug|x64.ActiveCfg = Debug|Any CPU
		{4A23E9EF-8FB4-4C81-A723-FA282A69B7DD}.Debug|x64.Build.0 = Debug|Any CPU
		{4A23E9EF-8FB4-4C81-A723-FA282A69B7DD}.Debug|x86.ActiveCfg = Debug|Any CPU
		{4A23E9EF-8FB4-4C81-A723-FA282A69B7DD}.Debug|x86.Build.0 = Debug|Any CPU
		{4A23E9EF-8FB4-4C81-A723-FA282A69B7DD}.Release|Any CPU.ActiveCfg = Release|Any CPU
		{4A23E9EF-8FB4-4C81-A723-FA282A69B7DD}.Release|Any CPU.Build.0 = Release|Any CPU
		{4A23E9EF-8FB4-4C81-A723-FA282A69B7DD}.Release|ARM.ActiveCfg = Release|Any CPU
		{4A23E9EF-8FB4-4C81-A723-FA282A69B7DD}.Release|ARM.Build.0 = Release|Any CPU
		{4A23E9EF-8FB4-4C81-A723-FA282A69B7DD}.Release|ARM64.ActiveCfg = Release|Any CPU
		{4A23E9EF-8FB4-4C81-A723-FA282A69B7DD}.Release|ARM64.Build.0 = Release|Any CPU
		{4A23E9EF-8FB4-4C81-A723-FA282A69B7DD}.Release|x64.ActiveCfg = Release|Any CPU
		{4A23E9EF-8FB4-4C81-A723-FA282A69B7DD}.Release|x64.Build.0 = Release|Any CPU
		{4A23E9EF-8FB4-4C81-A723-FA282A69B7DD}.Release|x86.ActiveCfg = Release|Any CPU
		{4A23E9EF-8FB4-4C81-A723-FA282A69B7DD}.Release|x86.Build.0 = Release|Any CPU
		{D74DD8D1-41D6-4905-AAAB-525CE1F781E9}.Debug|Any CPU.ActiveCfg = Debug|Any CPU
		{D74DD8D1-41D6-4905-AAAB-525CE1F781E9}.Debug|Any CPU.Build.0 = Debug|Any CPU
		{D74DD8D1-41D6-4905-AAAB-525CE1F781E9}.Debug|ARM.ActiveCfg = Debug|Any CPU
		{D74DD8D1-41D6-4905-AAAB-525CE1F781E9}.Debug|ARM.Build.0 = Debug|Any CPU
		{D74DD8D1-41D6-4905-AAAB-525CE1F781E9}.Debug|ARM64.ActiveCfg = Debug|Any CPU
		{D74DD8D1-41D6-4905-AAAB-525CE1F781E9}.Debug|ARM64.Build.0 = Debug|Any CPU
		{D74DD8D1-41D6-4905-AAAB-525CE1F781E9}.Debug|x64.ActiveCfg = Debug|Any CPU
		{D74DD8D1-41D6-4905-AAAB-525CE1F781E9}.Debug|x64.Build.0 = Debug|Any CPU
		{D74DD8D1-41D6-4905-AAAB-525CE1F781E9}.Debug|x86.ActiveCfg = Debug|Any CPU
		{D74DD8D1-41D6-4905-AAAB-525CE1F781E9}.Debug|x86.Build.0 = Debug|Any CPU
		{D74DD8D1-41D6-4905-AAAB-525CE1F781E9}.Release|Any CPU.ActiveCfg = Release|Any CPU
		{D74DD8D1-41D6-4905-AAAB-525CE1F781E9}.Release|Any CPU.Build.0 = Release|Any CPU
		{D74DD8D1-41D6-4905-AAAB-525CE1F781E9}.Release|ARM.ActiveCfg = Release|Any CPU
		{D74DD8D1-41D6-4905-AAAB-525CE1F781E9}.Release|ARM.Build.0 = Release|Any CPU
		{D74DD8D1-41D6-4905-AAAB-525CE1F781E9}.Release|ARM64.ActiveCfg = Release|Any CPU
		{D74DD8D1-41D6-4905-AAAB-525CE1F781E9}.Release|ARM64.Build.0 = Release|Any CPU
		{D74DD8D1-41D6-4905-AAAB-525CE1F781E9}.Release|x64.ActiveCfg = Release|Any CPU
		{D74DD8D1-41D6-4905-AAAB-525CE1F781E9}.Release|x64.Build.0 = Release|Any CPU
		{D74DD8D1-41D6-4905-AAAB-525CE1F781E9}.Release|x86.ActiveCfg = Release|Any CPU
		{D74DD8D1-41D6-4905-AAAB-525CE1F781E9}.Release|x86.Build.0 = Release|Any CPU
		{6F0C22E3-BA5B-429E-A7DE-5DBDE57E239E}.Debug|Any CPU.ActiveCfg = Debug|Any CPU
		{6F0C22E3-BA5B-429E-A7DE-5DBDE57E239E}.Debug|Any CPU.Build.0 = Debug|Any CPU
		{6F0C22E3-BA5B-429E-A7DE-5DBDE57E239E}.Debug|ARM.ActiveCfg = Debug|Any CPU
		{6F0C22E3-BA5B-429E-A7DE-5DBDE57E239E}.Debug|ARM.Build.0 = Debug|Any CPU
		{6F0C22E3-BA5B-429E-A7DE-5DBDE57E239E}.Debug|ARM64.ActiveCfg = Debug|Any CPU
		{6F0C22E3-BA5B-429E-A7DE-5DBDE57E239E}.Debug|ARM64.Build.0 = Debug|Any CPU
		{6F0C22E3-BA5B-429E-A7DE-5DBDE57E239E}.Debug|x64.ActiveCfg = Debug|Any CPU
		{6F0C22E3-BA5B-429E-A7DE-5DBDE57E239E}.Debug|x64.Build.0 = Debug|Any CPU
		{6F0C22E3-BA5B-429E-A7DE-5DBDE57E239E}.Debug|x86.ActiveCfg = Debug|Any CPU
		{6F0C22E3-BA5B-429E-A7DE-5DBDE57E239E}.Debug|x86.Build.0 = Debug|Any CPU
		{6F0C22E3-BA5B-429E-A7DE-5DBDE57E239E}.Release|Any CPU.ActiveCfg = Release|Any CPU
		{6F0C22E3-BA5B-429E-A7DE-5DBDE57E239E}.Release|Any CPU.Build.0 = Release|Any CPU
		{6F0C22E3-BA5B-429E-A7DE-5DBDE57E239E}.Release|ARM.ActiveCfg = Release|Any CPU
		{6F0C22E3-BA5B-429E-A7DE-5DBDE57E239E}.Release|ARM.Build.0 = Release|Any CPU
		{6F0C22E3-BA5B-429E-A7DE-5DBDE57E239E}.Release|ARM64.ActiveCfg = Release|Any CPU
		{6F0C22E3-BA5B-429E-A7DE-5DBDE57E239E}.Release|ARM64.Build.0 = Release|Any CPU
		{6F0C22E3-BA5B-429E-A7DE-5DBDE57E239E}.Release|x64.ActiveCfg = Release|Any CPU
		{6F0C22E3-BA5B-429E-A7DE-5DBDE57E239E}.Release|x64.Build.0 = Release|Any CPU
		{6F0C22E3-BA5B-429E-A7DE-5DBDE57E239E}.Release|x86.ActiveCfg = Release|Any CPU
		{6F0C22E3-BA5B-429E-A7DE-5DBDE57E239E}.Release|x86.Build.0 = Release|Any CPU
		{6D164752-E3A0-4091-BE79-7E93DC841040}.Debug|Any CPU.ActiveCfg = Debug|Any CPU
		{6D164752-E3A0-4091-BE79-7E93DC841040}.Debug|Any CPU.Build.0 = Debug|Any CPU
		{6D164752-E3A0-4091-BE79-7E93DC841040}.Debug|ARM.ActiveCfg = Debug|Any CPU
		{6D164752-E3A0-4091-BE79-7E93DC841040}.Debug|ARM.Build.0 = Debug|Any CPU
		{6D164752-E3A0-4091-BE79-7E93DC841040}.Debug|ARM64.ActiveCfg = Debug|Any CPU
		{6D164752-E3A0-4091-BE79-7E93DC841040}.Debug|ARM64.Build.0 = Debug|Any CPU
		{6D164752-E3A0-4091-BE79-7E93DC841040}.Debug|x64.ActiveCfg = Debug|Any CPU
		{6D164752-E3A0-4091-BE79-7E93DC841040}.Debug|x64.Build.0 = Debug|Any CPU
		{6D164752-E3A0-4091-BE79-7E93DC841040}.Debug|x86.ActiveCfg = Debug|Any CPU
		{6D164752-E3A0-4091-BE79-7E93DC841040}.Debug|x86.Build.0 = Debug|Any CPU
		{6D164752-E3A0-4091-BE79-7E93DC841040}.Release|Any CPU.ActiveCfg = Release|Any CPU
		{6D164752-E3A0-4091-BE79-7E93DC841040}.Release|Any CPU.Build.0 = Release|Any CPU
		{6D164752-E3A0-4091-BE79-7E93DC841040}.Release|ARM.ActiveCfg = Release|Any CPU
		{6D164752-E3A0-4091-BE79-7E93DC841040}.Release|ARM.Build.0 = Release|Any CPU
		{6D164752-E3A0-4091-BE79-7E93DC841040}.Release|ARM64.ActiveCfg = Release|Any CPU
		{6D164752-E3A0-4091-BE79-7E93DC841040}.Release|ARM64.Build.0 = Release|Any CPU
		{6D164752-E3A0-4091-BE79-7E93DC841040}.Release|x64.ActiveCfg = Release|Any CPU
		{6D164752-E3A0-4091-BE79-7E93DC841040}.Release|x64.Build.0 = Release|Any CPU
		{6D164752-E3A0-4091-BE79-7E93DC841040}.Release|x86.ActiveCfg = Release|Any CPU
		{6D164752-E3A0-4091-BE79-7E93DC841040}.Release|x86.Build.0 = Release|Any CPU
		{C99EE338-55FE-4A25-8CCE-D5FA498E23E8}.Debug|Any CPU.ActiveCfg = Debug|Any CPU
		{C99EE338-55FE-4A25-8CCE-D5FA498E23E8}.Debug|Any CPU.Build.0 = Debug|Any CPU
		{C99EE338-55FE-4A25-8CCE-D5FA498E23E8}.Debug|ARM.ActiveCfg = Debug|Any CPU
		{C99EE338-55FE-4A25-8CCE-D5FA498E23E8}.Debug|ARM.Build.0 = Debug|Any CPU
		{C99EE338-55FE-4A25-8CCE-D5FA498E23E8}.Debug|ARM64.ActiveCfg = Debug|Any CPU
		{C99EE338-55FE-4A25-8CCE-D5FA498E23E8}.Debug|ARM64.Build.0 = Debug|Any CPU
		{C99EE338-55FE-4A25-8CCE-D5FA498E23E8}.Debug|x64.ActiveCfg = Debug|Any CPU
		{C99EE338-55FE-4A25-8CCE-D5FA498E23E8}.Debug|x64.Build.0 = Debug|Any CPU
		{C99EE338-55FE-4A25-8CCE-D5FA498E23E8}.Debug|x86.ActiveCfg = Debug|Any CPU
		{C99EE338-55FE-4A25-8CCE-D5FA498E23E8}.Debug|x86.Build.0 = Debug|Any CPU
		{C99EE338-55FE-4A25-8CCE-D5FA498E23E8}.Release|Any CPU.ActiveCfg = Release|Any CPU
		{C99EE338-55FE-4A25-8CCE-D5FA498E23E8}.Release|Any CPU.Build.0 = Release|Any CPU
		{C99EE338-55FE-4A25-8CCE-D5FA498E23E8}.Release|ARM.ActiveCfg = Release|Any CPU
		{C99EE338-55FE-4A25-8CCE-D5FA498E23E8}.Release|ARM.Build.0 = Release|Any CPU
		{C99EE338-55FE-4A25-8CCE-D5FA498E23E8}.Release|ARM64.ActiveCfg = Release|Any CPU
		{C99EE338-55FE-4A25-8CCE-D5FA498E23E8}.Release|ARM64.Build.0 = Release|Any CPU
		{C99EE338-55FE-4A25-8CCE-D5FA498E23E8}.Release|x64.ActiveCfg = Release|Any CPU
		{C99EE338-55FE-4A25-8CCE-D5FA498E23E8}.Release|x64.Build.0 = Release|Any CPU
		{C99EE338-55FE-4A25-8CCE-D5FA498E23E8}.Release|x86.ActiveCfg = Release|Any CPU
		{C99EE338-55FE-4A25-8CCE-D5FA498E23E8}.Release|x86.Build.0 = Release|Any CPU
		{D443EEF9-E5C1-47F4-B06F-3163F08A50C8}.Debug|Any CPU.ActiveCfg = Debug|Any CPU
		{D443EEF9-E5C1-47F4-B06F-3163F08A50C8}.Debug|Any CPU.Build.0 = Debug|Any CPU
		{D443EEF9-E5C1-47F4-B06F-3163F08A50C8}.Debug|ARM.ActiveCfg = Debug|Any CPU
		{D443EEF9-E5C1-47F4-B06F-3163F08A50C8}.Debug|ARM.Build.0 = Debug|Any CPU
		{D443EEF9-E5C1-47F4-B06F-3163F08A50C8}.Debug|ARM64.ActiveCfg = Debug|Any CPU
		{D443EEF9-E5C1-47F4-B06F-3163F08A50C8}.Debug|ARM64.Build.0 = Debug|Any CPU
		{D443EEF9-E5C1-47F4-B06F-3163F08A50C8}.Debug|x64.ActiveCfg = Debug|Any CPU
		{D443EEF9-E5C1-47F4-B06F-3163F08A50C8}.Debug|x64.Build.0 = Debug|Any CPU
		{D443EEF9-E5C1-47F4-B06F-3163F08A50C8}.Debug|x86.ActiveCfg = Debug|Any CPU
		{D443EEF9-E5C1-47F4-B06F-3163F08A50C8}.Debug|x86.Build.0 = Debug|Any CPU
		{D443EEF9-E5C1-47F4-B06F-3163F08A50C8}.Release|Any CPU.ActiveCfg = Release|Any CPU
		{D443EEF9-E5C1-47F4-B06F-3163F08A50C8}.Release|Any CPU.Build.0 = Release|Any CPU
		{D443EEF9-E5C1-47F4-B06F-3163F08A50C8}.Release|ARM.ActiveCfg = Release|Any CPU
		{D443EEF9-E5C1-47F4-B06F-3163F08A50C8}.Release|ARM.Build.0 = Release|Any CPU
		{D443EEF9-E5C1-47F4-B06F-3163F08A50C8}.Release|ARM64.ActiveCfg = Release|Any CPU
		{D443EEF9-E5C1-47F4-B06F-3163F08A50C8}.Release|ARM64.Build.0 = Release|Any CPU
		{D443EEF9-E5C1-47F4-B06F-3163F08A50C8}.Release|x64.ActiveCfg = Release|Any CPU
		{D443EEF9-E5C1-47F4-B06F-3163F08A50C8}.Release|x64.Build.0 = Release|Any CPU
		{D443EEF9-E5C1-47F4-B06F-3163F08A50C8}.Release|x86.ActiveCfg = Release|Any CPU
		{D443EEF9-E5C1-47F4-B06F-3163F08A50C8}.Release|x86.Build.0 = Release|Any CPU
		{88AC95BC-06DB-4A20-942C-83623F73D300}.Debug|Any CPU.ActiveCfg = Debug|x86
		{88AC95BC-06DB-4A20-942C-83623F73D300}.Debug|ARM.ActiveCfg = Debug|ARM
		{88AC95BC-06DB-4A20-942C-83623F73D300}.Debug|ARM.Build.0 = Debug|ARM
		{88AC95BC-06DB-4A20-942C-83623F73D300}.Debug|ARM.Deploy.0 = Debug|ARM
		{88AC95BC-06DB-4A20-942C-83623F73D300}.Debug|ARM64.ActiveCfg = Debug|ARM64
		{88AC95BC-06DB-4A20-942C-83623F73D300}.Debug|ARM64.Build.0 = Debug|ARM64
		{88AC95BC-06DB-4A20-942C-83623F73D300}.Debug|ARM64.Deploy.0 = Debug|ARM64
		{88AC95BC-06DB-4A20-942C-83623F73D300}.Debug|x64.ActiveCfg = Debug|x64
		{88AC95BC-06DB-4A20-942C-83623F73D300}.Debug|x64.Build.0 = Debug|x64
		{88AC95BC-06DB-4A20-942C-83623F73D300}.Debug|x64.Deploy.0 = Debug|x64
		{88AC95BC-06DB-4A20-942C-83623F73D300}.Debug|x86.ActiveCfg = Debug|x86
		{88AC95BC-06DB-4A20-942C-83623F73D300}.Debug|x86.Build.0 = Debug|x86
		{88AC95BC-06DB-4A20-942C-83623F73D300}.Debug|x86.Deploy.0 = Debug|x86
		{88AC95BC-06DB-4A20-942C-83623F73D300}.Release|Any CPU.ActiveCfg = Release|x86
		{88AC95BC-06DB-4A20-942C-83623F73D300}.Release|ARM.ActiveCfg = Release|ARM
		{88AC95BC-06DB-4A20-942C-83623F73D300}.Release|ARM.Build.0 = Release|ARM
		{88AC95BC-06DB-4A20-942C-83623F73D300}.Release|ARM.Deploy.0 = Release|ARM
		{88AC95BC-06DB-4A20-942C-83623F73D300}.Release|ARM64.ActiveCfg = Release|ARM64
		{88AC95BC-06DB-4A20-942C-83623F73D300}.Release|ARM64.Build.0 = Release|ARM64
		{88AC95BC-06DB-4A20-942C-83623F73D300}.Release|ARM64.Deploy.0 = Release|ARM64
		{88AC95BC-06DB-4A20-942C-83623F73D300}.Release|x64.ActiveCfg = Release|x64
		{88AC95BC-06DB-4A20-942C-83623F73D300}.Release|x64.Build.0 = Release|x64
		{88AC95BC-06DB-4A20-942C-83623F73D300}.Release|x64.Deploy.0 = Release|x64
		{88AC95BC-06DB-4A20-942C-83623F73D300}.Release|x86.ActiveCfg = Release|x86
		{88AC95BC-06DB-4A20-942C-83623F73D300}.Release|x86.Build.0 = Release|x86
		{88AC95BC-06DB-4A20-942C-83623F73D300}.Release|x86.Deploy.0 = Release|x86
		{54C08710-E156-485A-93A9-9676E95018A0}.Debug|Any CPU.ActiveCfg = Debug|Any CPU
		{54C08710-E156-485A-93A9-9676E95018A0}.Debug|Any CPU.Build.0 = Debug|Any CPU
		{54C08710-E156-485A-93A9-9676E95018A0}.Debug|ARM.ActiveCfg = Debug|Any CPU
		{54C08710-E156-485A-93A9-9676E95018A0}.Debug|ARM.Build.0 = Debug|Any CPU
		{54C08710-E156-485A-93A9-9676E95018A0}.Debug|ARM64.ActiveCfg = Debug|Any CPU
		{54C08710-E156-485A-93A9-9676E95018A0}.Debug|ARM64.Build.0 = Debug|Any CPU
		{54C08710-E156-485A-93A9-9676E95018A0}.Debug|x64.ActiveCfg = Debug|Any CPU
		{54C08710-E156-485A-93A9-9676E95018A0}.Debug|x64.Build.0 = Debug|Any CPU
		{54C08710-E156-485A-93A9-9676E95018A0}.Debug|x86.ActiveCfg = Debug|Any CPU
		{54C08710-E156-485A-93A9-9676E95018A0}.Debug|x86.Build.0 = Debug|Any CPU
		{54C08710-E156-485A-93A9-9676E95018A0}.Release|Any CPU.ActiveCfg = Release|Any CPU
		{54C08710-E156-485A-93A9-9676E95018A0}.Release|Any CPU.Build.0 = Release|Any CPU
		{54C08710-E156-485A-93A9-9676E95018A0}.Release|ARM.ActiveCfg = Release|Any CPU
		{54C08710-E156-485A-93A9-9676E95018A0}.Release|ARM.Build.0 = Release|Any CPU
		{54C08710-E156-485A-93A9-9676E95018A0}.Release|ARM64.ActiveCfg = Release|Any CPU
		{54C08710-E156-485A-93A9-9676E95018A0}.Release|ARM64.Build.0 = Release|Any CPU
		{54C08710-E156-485A-93A9-9676E95018A0}.Release|x64.ActiveCfg = Release|Any CPU
		{54C08710-E156-485A-93A9-9676E95018A0}.Release|x64.Build.0 = Release|Any CPU
		{54C08710-E156-485A-93A9-9676E95018A0}.Release|x86.ActiveCfg = Release|Any CPU
		{54C08710-E156-485A-93A9-9676E95018A0}.Release|x86.Build.0 = Release|Any CPU
	EndGlobalSection
	GlobalSection(SolutionProperties) = preSolution
		HideSolutionNode = FALSE
	EndGlobalSection
	GlobalSection(ExtensibilityGlobals) = postSolution
		SolutionGuid = {3EC92994-D40F-460D-8EFA-23E844454570}
	EndGlobalSection
EndGlobal
